<?xml version="1.0" encoding="utf-8"?>
<Project ToolsVersion="4.0" xmlns="http://schemas.microsoft.com/developer/msbuild/2003">
  <ItemGroup>
    <Filter Include="Source Files">
      <UniqueIdentifier>{4FC737F1-C7A5-4376-A066-2A32D752A2FF}</UniqueIdentifier>
      <Extensions>cpp;c;cc;cxx;c++;cppm;ixx;def;odl;idl;hpj;bat;asm;asmx</Extensions>
    </Filter>
    <Filter Include="Header Files">
      <UniqueIdentifier>{93995380-89BD-4b04-88EB-625FBE52EBFB}</UniqueIdentifier>
      <Extensions>h;hh;hpp;hxx;h++;hm;inl;inc;ipp;xsd</Extensions>
    </Filter>
    <Filter Include="Resource Files">
      <UniqueIdentifier>{67DA6AB6-F800-4c08-8B7A-83BB121AAD01}</UniqueIdentifier>
      <Extensions>rc;ico;cur;bmp;dlg;rc2;rct;bin;rgs;gif;jpg;jpeg;jpe;resx;tiff;tif;png;wav;mfcribbon-ms</Extensions>
    </Filter>
    <Filter Include="ImGui">
      <UniqueIdentifier>{e04874f9-9694-403d-bd3a-238377626fe6}</UniqueIdentifier>
    </Filter>
    <Filter Include="ImGuizmos">
      <UniqueIdentifier>{5943a0e2-bb59-4476-bf77-4019329c6859}</UniqueIdentifier>
    </Filter>
  </ItemGroup>
  <ItemGroup>
    <ClCompile Include="DestroyObjectWithTime.cpp">
      <Filter>Source Files</Filter>
    </ClCompile>
    <ClCompile Include="PlayerController.cpp">
      <Filter>Source Files</Filter>
    </ClCompile>
    <ClCompile Include="..\..\Dependencies\IMGUIZMO\ImGuizmo.cpp">
      <Filter>ImGuizmos</Filter>
    </ClCompile>
    <ClCompile Include="..\..\Dependencies\IMGUIZMO\ImSequencer.cpp">
      <Filter>ImGuizmos</Filter>
    </ClCompile>
    <ClCompile Include="..\..\Dependencies\IMGUIZMO\GraphEditor.cpp">
      <Filter>ImGuizmos</Filter>
    </ClCompile>
    <ClCompile Include="..\..\Dependencies\IMGUIZMO\ImCurveEdit.cpp">
      <Filter>ImGuizmos</Filter>
    </ClCompile>
    <ClCompile Include="..\..\Dependencies\IMGUIZMO\ImGradient.cpp">
      <Filter>ImGuizmos</Filter>
    </ClCompile>
    <ClCompile Include="GroundCheck.cpp">
      <Filter>Source Files</Filter>
    </ClCompile>
    <ClCompile Include="Gun.cpp">
      <Filter>Source Files</Filter>
    </ClCompile>
    <ClCompile Include="Projectile.cpp">
      <Filter>Source Files</Filter>
    </ClCompile>
    <ClCompile Include="Enemy.cpp">
      <Filter>Source Files</Filter>
    </ClCompile>
    <ClCompile Include="EnemySpawner.cpp">
      <Filter>Source Files</Filter>
    </ClCompile>
    <ClCompile Include="..\..\Dependencies\IMGUI\imgui_draw.cpp">
      <Filter>ImGui</Filter>
    </ClCompile>
    <ClCompile Include="..\..\Dependencies\IMGUI\imgui_impl_glfw.cpp">
      <Filter>ImGui</Filter>
    </ClCompile>
    <ClCompile Include="..\..\Dependencies\IMGUI\imgui_impl_opengl3.cpp">
      <Filter>ImGui</Filter>
    </ClCompile>
    <ClCompile Include="..\..\Dependencies\IMGUI\imgui_tables.cpp">
      <Filter>ImGui</Filter>
    </ClCompile>
    <ClCompile Include="..\..\Dependencies\IMGUI\imgui_widgets.cpp">
      <Filter>ImGui</Filter>
    </ClCompile>
    <ClCompile Include="..\..\Dependencies\IMGUI\imgui.cpp">
      <Filter>ImGui</Filter>
    </ClCompile>
    <ClCompile Include="..\..\Dependencies\IMGUI\imgui_demo.cpp">
      <Filter>ImGui</Filter>
    </ClCompile>
    <ClCompile Include="main.cpp" />
    <ClCompile Include="GunHolder.cpp">
      <Filter>Source Files</Filter>
    </ClCompile>
    <ClCompile Include="RainbowLight.cpp">
      <Filter>Source Files</Filter>
    </ClCompile>
    <ClCompile Include="..\..\Dependencies\IMGUI\imgui_stdlib.cpp">
      <Filter>ImGui</Filter>
    </ClCompile>
  </ItemGroup>
  <ItemGroup>
    <ClInclude Include="DestroyObjectWithTime.h">
      <Filter>Header Files</Filter>
    </ClInclude>
    <ClInclude Include="PlayerController.h">
      <Filter>Header Files</Filter>
    </ClInclude>
    <ClInclude Include="..\..\Dependencies\IMGUIZMO\ImGradient.h">
      <Filter>ImGuizmos</Filter>
    </ClInclude>
    <ClInclude Include="..\..\Dependencies\IMGUIZMO\ImGuizmo.h">
      <Filter>ImGuizmos</Filter>
    </ClInclude>
    <ClInclude Include="..\..\Dependencies\IMGUIZMO\ImSequencer.h">
      <Filter>ImGuizmos</Filter>
    </ClInclude>
    <ClInclude Include="..\..\Dependencies\IMGUIZMO\ImZoomSlider.h">
      <Filter>ImGuizmos</Filter>
    </ClInclude>
    <ClInclude Include="..\..\Dependencies\IMGUIZMO\GraphEditor.h">
      <Filter>ImGuizmos</Filter>
    </ClInclude>
    <ClInclude Include="..\..\Dependencies\IMGUIZMO\ImCurveEdit.h">
      <Filter>ImGuizmos</Filter>
    </ClInclude>
    <ClInclude Include="GroundCheck.h">
      <Filter>Header Files</Filter>
    </ClInclude>
    <ClInclude Include="Gun.h">
      <Filter>Header Files</Filter>
    </ClInclude>
    <ClInclude Include="Projectile.h">
      <Filter>Header Files</Filter>
    </ClInclude>
    <ClInclude Include="Enemy.h">
      <Filter>Header Files</Filter>
    </ClInclude>
    <ClInclude Include="EnemySpawner.h">
      <Filter>Header Files</Filter>
    </ClInclude>
    <ClInclude Include="..\..\Dependencies\IMGUI\imgui_impl_glfw.h">
      <Filter>ImGui</Filter>
    </ClInclude>
    <ClInclude Include="..\..\Dependencies\IMGUI\imgui_impl_opengl3.h">
      <Filter>ImGui</Filter>
    </ClInclude>
    <ClInclude Include="..\..\Dependencies\IMGUI\imgui_impl_opengl3_loader.h">
      <Filter>ImGui</Filter>
    </ClInclude>
    <ClInclude Include="..\..\Dependencies\IMGUI\imgui_internal.h">
      <Filter>ImGui</Filter>
    </ClInclude>
    <ClInclude Include="..\..\Dependencies\IMGUI\imstb_rectpack.h">
      <Filter>ImGui</Filter>
    </ClInclude>
    <ClInclude Include="..\..\Dependencies\IMGUI\imstb_textedit.h">
      <Filter>ImGui</Filter>
    </ClInclude>
    <ClInclude Include="..\..\Dependencies\IMGUI\imstb_truetype.h">
      <Filter>ImGui</Filter>
    </ClInclude>
    <ClInclude Include="..\..\Dependencies\IMGUI\imconfig.h">
      <Filter>ImGui</Filter>
    </ClInclude>
    <ClInclude Include="..\..\Dependencies\IMGUI\imgui.h">
      <Filter>ImGui</Filter>
    </ClInclude>
    <ClInclude Include="GunHolder.h">
      <Filter>Header Files</Filter>
    </ClInclude>
    <ClInclude Include="RainbowLight.h">
      <Filter>Header Files</Filter>
    </ClInclude>
    <ClInclude Include="..\..\Dependencies\IMGUI\imgui_stdlib.h">
      <Filter>ImGui</Filter>
    </ClInclude>
  </ItemGroup>
</Project>