<?xml version="1.0" encoding="utf-8"?>
<Project ToolsVersion="4.0" xmlns="http://schemas.microsoft.com/developer/msbuild/2003">
  <ItemGroup>
    <Filter Include="Source Files">
      <UniqueIdentifier>{4FC737F1-C7A5-4376-A066-2A32D752A2FF}</UniqueIdentifier>
      <Extensions>cpp;c;cxx;cc;s;asm</Extensions>
    </Filter>
    <Filter Include="Header Files">
      <UniqueIdentifier>{93995380-89BD-4b04-88EB-625FBE52EBFB}</UniqueIdentifier>
      <Extensions>h;hpp</Extensions>
    </Filter>
    <Filter Include="Header Files\ext">
      <UniqueIdentifier>{7420e2da-a8e5-4b28-bff6-579c96eb1667}</UniqueIdentifier>
    </Filter>
    <Filter Include="Source Files\ext">
      <UniqueIdentifier>{81f8dd16-2473-408c-a187-288fe5e32e76}</UniqueIdentifier>
    </Filter>
  </ItemGroup>
  <ItemGroup>
    <ClInclude Include="..\..\include\pack\agc_utils.h">
      <Filter>Header Files</Filter>
    </ClInclude>
    <ClInclude Include="..\..\include\pack\array.h">
      <Filter>Header Files</Filter>
    </ClInclude>
    <ClInclude Include="..\..\include\pack\pack_file.h">
      <Filter>Header Files</Filter>
    </ClInclude>
    <ClInclude Include="..\..\include\pack\geom_file.h">
      <Filter>Header Files</Filter>
    </ClInclude>
    <ClInclude Include="..\..\include\pack\material_models.h">
      <Filter>Header Files</Filter>
    </ClInclude>
    <ClInclude Include="..\..\include\pack\ext\ext_edge_anim.h">
      <Filter>Header Files\ext</Filter>
    </ClInclude>
    <ClInclude Include="..\..\include\pack\ext\ext_bvh.h">
      <Filter>Header Files\ext</Filter>
    </ClInclude>
    <ClInclude Include="..\..\include\pack\error_codes.h">
      <Filter>Header Files</Filter>
    </ClInclude>
    <ClInclude Include="..\..\include\pack\descriptor_table.h">
      <Filter>Header Files</Filter>
    </ClInclude>
    <ClInclude Include="..\..\include\pack\obj_serialization.h">
      <Filter>Header Files</Filter>
    </ClInclude>
    <ClInclude Include="..\..\include\pack\pack_common.h">
      <Filter>Header Files</Filter>
    </ClInclude>
  </ItemGroup>
  <ItemGroup>
    <ClCompile Include="agc_utils.cpp">
      <Filter>Source Files</Filter>
    </ClCompile>
    <ClCompile Include="ext\ext_edge_anim.cpp">
      <Filter>Source Files\ext</Filter>
    </ClCompile>
    <ClCompile Include="pack_file.cpp">
      <Filter>Source Files</Filter>
    </ClCompile>
    <ClCompile Include="ext\ext_bvh.cpp">
      <Filter>Source Files\ext</Filter>
    </ClCompile>
    <ClCompile Include="obj_serialization.cpp">
      <Filter>Source Files</Filter>
    </ClCompile>
  </ItemGroup>
</Project>